// !$*UTF8*$!
{
	archiveVersion = 1;
	classes = {
	};
	objectVersion = 46;
	objects = {

/* Begin PBXBuildFile section */
		B60380951F21466F006D9B24 /* CercaController.swift in Sources */ = {isa = PBXBuildFile; fileRef = B60380941F21466F006D9B24 /* CercaController.swift */; };
		B60380981F2382C5006D9B24 /* OffriController.swift in Sources */ = {isa = PBXBuildFile; fileRef = B60380971F2382C5006D9B24 /* OffriController.swift */; };
		B603809A1F2382D9006D9B24 /* ProfiloController.swift in Sources */ = {isa = PBXBuildFile; fileRef = B60380991F2382D9006D9B24 /* ProfiloController.swift */; };
		B6076BC51F1678CB00FCD86E /* Utente.swift in Sources */ = {isa = PBXBuildFile; fileRef = B6076BC41F1678CB00FCD86E /* Utente.swift */; };
		B6076BC71F16869F00FCD86E /* CreoAccountController.swift in Sources */ = {isa = PBXBuildFile; fileRef = B6076BC61F16869F00FCD86E /* CreoAccountController.swift */; };
		B6076BC91F177E6D00FCD86E /* LoginController.swift in Sources */ = {isa = PBXBuildFile; fileRef = B6076BC81F177E6D00FCD86E /* LoginController.swift */; };
		B6076BCB1F17932300FCD86E /* AccessoController.swift in Sources */ = {isa = PBXBuildFile; fileRef = B6076BCA1F17932300FCD86E /* AccessoController.swift */; };
		B6695CF01F100448001461CF /* AppDelegate.swift in Sources */ = {isa = PBXBuildFile; fileRef = B6695CEF1F100448001461CF /* AppDelegate.swift */; };
		B6695CF21F100448001461CF /* MainViewController.swift in Sources */ = {isa = PBXBuildFile; fileRef = B6695CF11F100448001461CF /* MainViewController.swift */; };
		B6695CF51F100448001461CF /* Main.storyboard in Resources */ = {isa = PBXBuildFile; fileRef = B6695CF31F100448001461CF /* Main.storyboard */; };
		B6695CF81F100448001461CF /* App_Daniel_Levy.xcdatamodeld in Sources */ = {isa = PBXBuildFile; fileRef = B6695CF61F100448001461CF /* App_Daniel_Levy.xcdatamodeld */; };
		B6695CFA1F100448001461CF /* Assets.xcassets in Resources */ = {isa = PBXBuildFile; fileRef = B6695CF91F100448001461CF /* Assets.xcassets */; };
		B6695CFD1F100448001461CF /* LaunchScreen.storyboard in Resources */ = {isa = PBXBuildFile; fileRef = B6695CFB1F100448001461CF /* LaunchScreen.storyboard */; };
		B678963D2322631B7B567146 /* Pods_App_Daniel_Levy.framework in Frameworks */ = {isa = PBXBuildFile; fileRef = 6E9B592971848973AF299CC1 /* Pods_App_Daniel_Levy.framework */; };
		B6C0E7641F5AB283007F8376 /* Util.swift in Sources */ = {isa = PBXBuildFile; fileRef = B6C0E7631F5AB283007F8376 /* Util.swift */; };
		B6F07D4C1F24C83A006E1BD9 /* Citta.swift in Sources */ = {isa = PBXBuildFile; fileRef = B6F07D4B1F24C83A006E1BD9 /* Citta.swift */; };
/* End PBXBuildFile section */

/* Begin PBXFileReference section */
		305AE00D159DF0C4D82C86BC /* Pods-App Daniel Levy.debug.xcconfig */ = {isa = PBXFileReference; includeInIndex = 1; lastKnownFileType = text.xcconfig; name = "Pods-App Daniel Levy.debug.xcconfig"; path = "Pods/Target Support Files/Pods-App Daniel Levy/Pods-App Daniel Levy.debug.xcconfig"; sourceTree = "<group>"; };
		6E9B592971848973AF299CC1 /* Pods_App_Daniel_Levy.framework */ = {isa = PBXFileReference; explicitFileType = wrapper.framework; includeInIndex = 0; path = Pods_App_Daniel_Levy.framework; sourceTree = BUILT_PRODUCTS_DIR; };
		B60380941F21466F006D9B24 /* CercaController.swift */ = {isa = PBXFileReference; fileEncoding = 4; lastKnownFileType = sourcecode.swift; path = CercaController.swift; sourceTree = "<group>"; };
		B60380971F2382C5006D9B24 /* OffriController.swift */ = {isa = PBXFileReference; fileEncoding = 4; lastKnownFileType = sourcecode.swift; path = OffriController.swift; sourceTree = "<group>"; };
		B60380991F2382D9006D9B24 /* ProfiloController.swift */ = {isa = PBXFileReference; fileEncoding = 4; lastKnownFileType = sourcecode.swift; path = ProfiloController.swift; sourceTree = "<group>"; };
		B6076BC41F1678CB00FCD86E /* Utente.swift */ = {isa = PBXFileReference; fileEncoding = 4; lastKnownFileType = sourcecode.swift; path = Utente.swift; sourceTree = "<group>"; };
		B6076BC61F16869F00FCD86E /* CreoAccountController.swift */ = {isa = PBXFileReference; fileEncoding = 4; lastKnownFileType = sourcecode.swift; path = CreoAccountController.swift; sourceTree = "<group>"; };
		B6076BC81F177E6D00FCD86E /* LoginController.swift */ = {isa = PBXFileReference; fileEncoding = 4; lastKnownFileType = sourcecode.swift; path = LoginController.swift; sourceTree = "<group>"; };
		B6076BCA1F17932300FCD86E /* AccessoController.swift */ = {isa = PBXFileReference; fileEncoding = 4; lastKnownFileType = sourcecode.swift; path = AccessoController.swift; sourceTree = "<group>"; };
		B6695CEC1F100448001461CF /* App Daniel Levy.app */ = {isa = PBXFileReference; explicitFileType = wrapper.application; includeInIndex = 0; path = "App Daniel Levy.app"; sourceTree = BUILT_PRODUCTS_DIR; };
		B6695CEF1F100448001461CF /* AppDelegate.swift */ = {isa = PBXFileReference; lastKnownFileType = sourcecode.swift; path = AppDelegate.swift; sourceTree = "<group>"; };
		B6695CF11F100448001461CF /* MainViewController.swift */ = {isa = PBXFileReference; lastKnownFileType = sourcecode.swift; path = MainViewController.swift; sourceTree = "<group>"; };
		B6695CF41F100448001461CF /* Base */ = {isa = PBXFileReference; lastKnownFileType = file.storyboard; name = Base; path = Base.lproj/Main.storyboard; sourceTree = "<group>"; };
		B6695CF71F100448001461CF /* App_Daniel_Levy.xcdatamodel */ = {isa = PBXFileReference; lastKnownFileType = wrapper.xcdatamodel; path = App_Daniel_Levy.xcdatamodel; sourceTree = "<group>"; };
		B6695CF91F100448001461CF /* Assets.xcassets */ = {isa = PBXFileReference; lastKnownFileType = folder.assetcatalog; path = Assets.xcassets; sourceTree = "<group>"; };
		B6695CFC1F100448001461CF /* Base */ = {isa = PBXFileReference; lastKnownFileType = file.storyboard; name = Base; path = Base.lproj/LaunchScreen.storyboard; sourceTree = "<group>"; };
		B6695CFE1F100448001461CF /* Info.plist */ = {isa = PBXFileReference; lastKnownFileType = text.plist.xml; path = Info.plist; sourceTree = "<group>"; };
		B6C0E7631F5AB283007F8376 /* Util.swift */ = {isa = PBXFileReference; fileEncoding = 4; lastKnownFileType = sourcecode.swift; path = Util.swift; sourceTree = "<group>"; };
		B6F07D4B1F24C83A006E1BD9 /* Citta.swift */ = {isa = PBXFileReference; fileEncoding = 4; lastKnownFileType = sourcecode.swift; path = Citta.swift; sourceTree = "<group>"; };
		C393106ACD36357B4E9F33D9 /* Pods-App Daniel Levy.release.xcconfig */ = {isa = PBXFileReference; includeInIndex = 1; lastKnownFileType = text.xcconfig; name = "Pods-App Daniel Levy.release.xcconfig"; path = "Pods/Target Support Files/Pods-App Daniel Levy/Pods-App Daniel Levy.release.xcconfig"; sourceTree = "<group>"; };
/* End PBXFileReference section */

/* Begin PBXFrameworksBuildPhase section */
		B6695CE91F100448001461CF /* Frameworks */ = {
			isa = PBXFrameworksBuildPhase;
			buildActionMask = 2147483647;
			files = (
				B678963D2322631B7B567146 /* Pods_App_Daniel_Levy.framework in Frameworks */,
			);
			runOnlyForDeploymentPostprocessing = 0;
		};
/* End PBXFrameworksBuildPhase section */

/* Begin PBXGroup section */
		2D3D17BEC9BD4FBCF3A71BA0 /* Pods */ = {
			isa = PBXGroup;
			children = (
				305AE00D159DF0C4D82C86BC /* Pods-App Daniel Levy.debug.xcconfig */,
				C393106ACD36357B4E9F33D9 /* Pods-App Daniel Levy.release.xcconfig */,
			);
			name = Pods;
			sourceTree = "<group>";
		};
		B60380961F221B11006D9B24 /* Tab Bar View Controller */ = {
			isa = PBXGroup;
			children = (
				B6695CF11F100448001461CF /* MainViewController.swift */,
				B60380941F21466F006D9B24 /* CercaController.swift */,
				B60380971F2382C5006D9B24 /* OffriController.swift */,
				B60380991F2382D9006D9B24 /* ProfiloController.swift */,
			);
			name = "Tab Bar View Controller";
			sourceTree = "<group>";
		};
		B603809D1F24C7D0006D9B24 /* Models */ = {
			isa = PBXGroup;
			children = (
				B6076BC41F1678CB00FCD86E /* Utente.swift */,
				B6F07D4B1F24C83A006E1BD9 /* Citta.swift */,
			);
			name = Models;
			sourceTree = "<group>";
		};
		B6076BCC1F17932600FCD86E /* Accesso Controller */ = {
			isa = PBXGroup;
			children = (
				B6076BC61F16869F00FCD86E /* CreoAccountController.swift */,
				B6076BC81F177E6D00FCD86E /* LoginController.swift */,
				B6076BCA1F17932300FCD86E /* AccessoController.swift */,
			);
			name = "Accesso Controller";
			sourceTree = "<group>";
		};
		B6695CE31F100448001461CF = {
			isa = PBXGroup;
			children = (
				B6695CEE1F100448001461CF /* App Daniel Levy */,
				B6695CED1F100448001461CF /* Products */,
				2D3D17BEC9BD4FBCF3A71BA0 /* Pods */,
				C2E48AA9F9507F6CABAAE8D9 /* Frameworks */,
			);
			sourceTree = "<group>";
		};
		B6695CED1F100448001461CF /* Products */ = {
			isa = PBXGroup;
			children = (
				B6695CEC1F100448001461CF /* App Daniel Levy.app */,
			);
			name = Products;
			sourceTree = "<group>";
		};
		B6695CEE1F100448001461CF /* App Daniel Levy */ = {
			isa = PBXGroup;
			children = (
				B6C0E7621F5AB270007F8376 /* Util */,
				B603809D1F24C7D0006D9B24 /* Models */,
				B60380961F221B11006D9B24 /* Tab Bar View Controller */,
				B6076BCC1F17932600FCD86E /* Accesso Controller */,
				B6695CEF1F100448001461CF /* AppDelegate.swift */,
				B6695CF31F100448001461CF /* Main.storyboard */,
				B6695CF91F100448001461CF /* Assets.xcassets */,
				B6695CFB1F100448001461CF /* LaunchScreen.storyboard */,
				B6695CFE1F100448001461CF /* Info.plist */,
				B6695CF61F100448001461CF /* App_Daniel_Levy.xcdatamodeld */,
			);
			path = "App Daniel Levy";
			sourceTree = "<group>";
		};
		B6C0E7621F5AB270007F8376 /* Util */ = {
			isa = PBXGroup;
			children = (
				B6C0E7631F5AB283007F8376 /* Util.swift */,
			);
			name = Util;
			sourceTree = "<group>";
		};
		C2E48AA9F9507F6CABAAE8D9 /* Frameworks */ = {
			isa = PBXGroup;
			children = (
				6E9B592971848973AF299CC1 /* Pods_App_Daniel_Levy.framework */,
			);
			name = Frameworks;
			sourceTree = "<group>";
		};
/* End PBXGroup section */

/* Begin PBXNativeTarget section */
		B6695CEB1F100448001461CF /* App Daniel Levy */ = {
			isa = PBXNativeTarget;
			buildConfigurationList = B6695D011F100448001461CF /* Build configuration list for PBXNativeTarget "App Daniel Levy" */;
			buildPhases = (
				C547A35EE9B5FFD445DB6653 /* [CP] Check Pods Manifest.lock */,
				B6695CE81F100448001461CF /* Sources */,
				B6695CE91F100448001461CF /* Frameworks */,
				B6695CEA1F100448001461CF /* Resources */,
				3F79B62A62F6A3A9DA2A4D58 /* [CP] Embed Pods Frameworks */,
				D153B4FD22117129AAA9530F /* [CP] Copy Pods Resources */,
			);
			buildRules = (
			);
			dependencies = (
			);
			name = "App Daniel Levy";
			productName = "App Daniel Levy";
			productReference = B6695CEC1F100448001461CF /* App Daniel Levy.app */;
			productType = "com.apple.product-type.application";
		};
/* End PBXNativeTarget section */

/* Begin PBXProject section */
		B6695CE41F100448001461CF /* Project object */ = {
			isa = PBXProject;
			attributes = {
				LastSwiftUpdateCheck = 0820;
				LastUpgradeCheck = 0820;
				ORGANIZATIONNAME = "Giulio Tavella";
				TargetAttributes = {
					B6695CEB1F100448001461CF = {
						CreatedOnToolsVersion = 8.2.1;
						DevelopmentTeam = W6VS4VYA7Q;
						ProvisioningStyle = Automatic;
					};
				};
			};
			buildConfigurationList = B6695CE71F100448001461CF /* Build configuration list for PBXProject "App Daniel Levy" */;
			compatibilityVersion = "Xcode 3.2";
			developmentRegion = English;
			hasScannedForEncodings = 0;
			knownRegions = (
				en,
				Base,
			);
			mainGroup = B6695CE31F100448001461CF;
			productRefGroup = B6695CED1F100448001461CF /* Products */;
			projectDirPath = "";
			projectRoot = "";
			targets = (
				B6695CEB1F100448001461CF /* App Daniel Levy */,
			);
		};
/* End PBXProject section */

/* Begin PBXResourcesBuildPhase section */
		B6695CEA1F100448001461CF /* Resources */ = {
			isa = PBXResourcesBuildPhase;
			buildActionMask = 2147483647;
			files = (
				B6695CFD1F100448001461CF /* LaunchScreen.storyboard in Resources */,
				B6695CFA1F100448001461CF /* Assets.xcassets in Resources */,
				B6695CF51F100448001461CF /* Main.storyboard in Resources */,
			);
			runOnlyForDeploymentPostprocessing = 0;
		};
/* End PBXResourcesBuildPhase section */

/* Begin PBXShellScriptBuildPhase section */
		3F79B62A62F6A3A9DA2A4D58 /* [CP] Embed Pods Frameworks */ = {
			isa = PBXShellScriptBuildPhase;
			buildActionMask = 2147483647;
			files = (
			);
			inputPaths = (
			);
			name = "[CP] Embed Pods Frameworks";
			outputPaths = (
			);
			runOnlyForDeploymentPostprocessing = 0;
			shellPath = /bin/sh;
			shellScript = "\"${SRCROOT}/Pods/Target Support Files/Pods-App Daniel Levy/Pods-App Daniel Levy-frameworks.sh\"\n";
			showEnvVarsInLog = 0;
		};
		C547A35EE9B5FFD445DB6653 /* [CP] Check Pods Manifest.lock */ = {
			isa = PBXShellScriptBuildPhase;
			buildActionMask = 2147483647;
			files = (
			);
			inputPaths = (
			);
			name = "[CP] Check Pods Manifest.lock";
			outputPaths = (
			);
			runOnlyForDeploymentPostprocessing = 0;
			shellPath = /bin/sh;
			shellScript = "diff \"${PODS_ROOT}/../Podfile.lock\" \"${PODS_ROOT}/Manifest.lock\" > /dev/null\nif [ $? != 0 ] ; then\n    # print error to STDERR\n    echo \"error: The sandbox is not in sync with the Podfile.lock. Run 'pod install' or update your CocoaPods installation.\" >&2\n    exit 1\nfi\n";
			showEnvVarsInLog = 0;
		};
		D153B4FD22117129AAA9530F /* [CP] Copy Pods Resources */ = {
			isa = PBXShellScriptBuildPhase;
			buildActionMask = 2147483647;
			files = (
			);
			inputPaths = (
			);
			name = "[CP] Copy Pods Resources";
			outputPaths = (
			);
			runOnlyForDeploymentPostprocessing = 0;
			shellPath = /bin/sh;
			shellScript = "\"${SRCROOT}/Pods/Target Support Files/Pods-App Daniel Levy/Pods-App Daniel Levy-resources.sh\"\n";
			showEnvVarsInLog = 0;
		};
/* End PBXShellScriptBuildPhase section */

/* Begin PBXSourcesBuildPhase section */
		B6695CE81F100448001461CF /* Sources */ = {
			isa = PBXSourcesBuildPhase;
			buildActionMask = 2147483647;
			files = (
				B60380951F21466F006D9B24 /* CercaController.swift in Sources */,
				B6076BC51F1678CB00FCD86E /* Utente.swift in Sources */,
				B6F07D4C1F24C83A006E1BD9 /* Citta.swift in Sources */,
				B6076BC91F177E6D00FCD86E /* LoginController.swift in Sources */,
				B6076BCB1F17932300FCD86E /* AccessoController.swift in Sources */,
				B6695CF81F100448001461CF /* App_Daniel_Levy.xcdatamodeld in Sources */,
				B6695CF21F100448001461CF /* MainViewController.swift in Sources */,
				B6C0E7641F5AB283007F8376 /* Util.swift in Sources */,
				B6076BC71F16869F00FCD86E /* CreoAccountController.swift in Sources */,
				B603809A1F2382D9006D9B24 /* ProfiloController.swift in Sources */,
				B60380981F2382C5006D9B24 /* OffriController.swift in Sources */,
				B6695CF01F100448001461CF /* AppDelegate.swift in Sources */,
			);
			runOnlyForDeploymentPostprocessing = 0;
		};
/* End PBXSourcesBuildPhase section */

/* Begin PBXVariantGroup section */
		B6695CF31F100448001461CF /* Main.storyboard */ = {
			isa = PBXVariantGroup;
			children = (
				B6695CF41F100448001461CF /* Base */,
			);
			name = Main.storyboard;
			sourceTree = "<group>";
		};
		B6695CFB1F100448001461CF /* LaunchScreen.storyboard */ = {
			isa = PBXVariantGroup;
			children = (
				B6695CFC1F100448001461CF /* Base */,
			);
			name = LaunchScreen.storyboard;
			sourceTree = "<group>";
		};
/* End PBXVariantGroup section */

/* Begin XCBuildConfiguration section */
		B6695CFF1F100448001461CF /* Debug */ = {
			isa = XCBuildConfiguration;
			buildSettings = {
				ALWAYS_SEARCH_USER_PATHS = NO;
				CLANG_ANALYZER_NONNULL = YES;
				CLANG_CXX_LANGUAGE_STANDARD = "gnu++0x";
				CLANG_CXX_LIBRARY = "libc++";
				CLANG_ENABLE_MODULES = YES;
				CLANG_ENABLE_OBJC_ARC = YES;
				CLANG_WARN_BOOL_CONVERSION = YES;
				CLANG_WARN_CONSTANT_CONVERSION = YES;
				CLANG_WARN_DIRECT_OBJC_ISA_USAGE = YES_ERROR;
				CLANG_WARN_DOCUMENTATION_COMMENTS = YES;
				CLANG_WARN_EMPTY_BODY = YES;
				CLANG_WARN_ENUM_CONVERSION = YES;
				CLANG_WARN_INFINITE_RECURSION = YES;
				CLANG_WARN_INT_CONVERSION = YES;
				CLANG_WARN_OBJC_ROOT_CLASS = YES_ERROR;
				CLANG_WARN_SUSPICIOUS_MOVE = YES;
				CLANG_WARN_UNREACHABLE_CODE = YES;
				CLANG_WARN__DUPLICATE_METHOD_MATCH = YES;
				"CODE_SIGN_IDENTITY[sdk=iphoneos*]" = "iPhone Developer";
				COPY_PHASE_STRIP = NO;
				DEBUG_INFORMATION_FORMAT = dwarf;
				ENABLE_STRICT_OBJC_MSGSEND = YES;
				ENABLE_TESTABILITY = YES;
				GCC_C_LANGUAGE_STANDARD = gnu99;
				GCC_DYNAMIC_NO_PIC = NO;
				GCC_NO_COMMON_BLOCKS = YES;
				GCC_OPTIMIZATION_LEVEL = 0;
				GCC_PREPROCESSOR_DEFINITIONS = (
					"DEBUG=1",
					"$(inherited)",
				);
				GCC_WARN_64_TO_32_BIT_CONVERSION = YES;
				GCC_WARN_ABOUT_RETURN_TYPE = YES_ERROR;
				GCC_WARN_UNDECLARED_SELECTOR = YES;
				GCC_WARN_UNINITIALIZED_AUTOS = YES_AGGRESSIVE;
				GCC_WARN_UNUSED_FUNCTION = YES;
				GCC_WARN_UNUSED_VARIABLE = YES;
				IPHONEOS_DEPLOYMENT_TARGET = 10.2;
				MTL_ENABLE_DEBUG_INFO = YES;
				ONLY_ACTIVE_ARCH = YES;
				SDKROOT = iphoneos;
				SWIFT_ACTIVE_COMPILATION_CONDITIONS = DEBUG;
				SWIFT_OPTIMIZATION_LEVEL = "-Onone";
				TARGETED_DEVICE_FAMILY = "1,2";
			};
			name = Debug;
		};
		B6695D001F100448001461CF /* Release */ = {
			isa = XCBuildConfiguration;
			buildSettings = {
				ALWAYS_SEARCH_USER_PATHS = NO;
				CLANG_ANALYZER_NONNULL = YES;
				CLANG_CXX_LANGUAGE_STANDARD = "gnu++0x";
				CLANG_CXX_LIBRARY = "libc++";
				CLANG_ENABLE_MODULES = YES;
				CLANG_ENABLE_OBJC_ARC = YES;
				CLANG_WARN_BOOL_CONVERSION = YES;
				CLANG_WARN_CONSTANT_CONVERSION = YES;
				CLANG_WARN_DIRECT_OBJC_ISA_USAGE = YES_ERROR;
				CLANG_WARN_DOCUMENTATION_COMMENTS = YES;
				CLANG_WARN_EMPTY_BODY = YES;
				CLANG_WARN_ENUM_CONVERSION = YES;
				CLANG_WARN_INFINITE_RECURSION = YES;
				CLANG_WARN_INT_CONVERSION = YES;
				CLANG_WARN_OBJC_ROOT_CLASS = YES_ERROR;
				CLANG_WARN_SUSPICIOUS_MOVE = YES;
				CLANG_WARN_UNREACHABLE_CODE = YES;
				CLANG_WARN__DUPLICATE_METHOD_MATCH = YES;
				"CODE_SIGN_IDENTITY[sdk=iphoneos*]" = "iPhone Developer";
				COPY_PHASE_STRIP = NO;
				DEBUG_INFORMATION_FORMAT = "dwarf-with-dsym";
				ENABLE_NS_ASSERTIONS = NO;
				ENABLE_STRICT_OBJC_MSGSEND = YES;
				GCC_C_LANGUAGE_STANDARD = gnu99;
				GCC_NO_COMMON_BLOCKS = YES;
				GCC_WARN_64_TO_32_BIT_CONVERSION = YES;
				GCC_WARN_ABOUT_RETURN_TYPE = YES_ERROR;
				GCC_WARN_UNDECLARED_SELECTOR = YES;
				GCC_WARN_UNINITIALIZED_AUTOS = YES_AGGRESSIVE;
				GCC_WARN_UNUSED_FUNCTION = YES;
				GCC_WARN_UNUSED_VARIABLE = YES;
				IPHONEOS_DEPLOYMENT_TARGET = 10.2;
				MTL_ENABLE_DEBUG_INFO = NO;
				SDKROOT = iphoneos;
				SWIFT_OPTIMIZATION_LEVEL = "-Owholemodule";
				TARGETED_DEVICE_FAMILY = "1,2";
				VALIDATE_PRODUCT = YES;
			};
			name = Release;
		};
		B6695D021F100448001461CF /* Debug */ = {
			isa = XCBuildConfiguration;
			baseConfigurationReference = 305AE00D159DF0C4D82C86BC /* Pods-App Daniel Levy.debug.xcconfig */;
			buildSettings = {
				ASSETCATALOG_COMPILER_APPICON_NAME = AppIcon;
				DEVELOPMENT_TEAM = W6VS4VYA7Q;
				INFOPLIST_FILE = "App Daniel Levy/Info.plist";
				LD_RUNPATH_SEARCH_PATHS = "$(inherited) @executable_path/Frameworks";
				PRODUCT_BUNDLE_IDENTIFIER = "com.giuliotavella.App-Daniel-Levy";
				PRODUCT_NAME = "$(TARGET_NAME)";
				SWIFT_VERSION = 3.0;
			};
			name = Debug;
		};
		B6695D031F100448001461CF /* Release */ = {
			isa = XCBuildConfiguration;
			baseConfigurationReference = C393106ACD36357B4E9F33D9 /* Pods-App Daniel Levy.release.xcconfig */;
			buildSettings = {
				ASSETCATALOG_COMPILER_APPICON_NAME = AppIcon;
				DEVELOPMENT_TEAM = W6VS4VYA7Q;
				INFOPLIST_FILE = "App Daniel Levy/Info.plist";
				LD_RUNPATH_SEARCH_PATHS = "$(inherited) @executable_path/Frameworks";
				PRODUCT_BUNDLE_IDENTIFIER = "com.giuliotavella.App-Daniel-Levy";
				PRODUCT_NAME = "$(TARGET_NAME)";
				SWIFT_VERSION = 3.0;
			};
			name = Release;
		};
/* End XCBuildConfiguration section */

/* Begin XCConfigurationList section */
		B6695CE71F100448001461CF /* Build configuration list for PBXProject "App Daniel Levy" */ = {
			isa = XCConfigurationList;
			buildConfigurations = (
				B6695CFF1F100448001461CF /* Debug */,
				B6695D001F100448001461CF /* Release */,
			);
			defaultConfigurationIsVisible = 0;
			defaultConfigurationName = Release;
		};
		B6695D011F100448001461CF /* Build configuration list for PBXNativeTarget "App Daniel Levy" */ = {
			isa = XCConfigurationList;
			buildConfigurations = (
				B6695D021F100448001461CF /* Debug */,
				B6695D031F100448001461CF /* Release */,
			);
			defaultConfigurationIsVisible = 0;
			defaultConfigurationName = Release;
		};
/* End XCConfigurationList section */

/* Begin XCVersionGroup section */
		B6695CF61F100448001461CF /* App_Daniel_Levy.xcdatamodeld */ = {
			isa = XCVersionGroup;
			children = (
				B6695CF71F100448001461CF /* App_Daniel_Levy.xcdatamodel */,
			);
			currentVersion = B6695CF71F100448001461CF /* App_Daniel_Levy.xcdatamodel */;
			path = App_Daniel_Levy.xcdatamodeld;
			sourceTree = "<group>";
			versionGroupType = wrapper.xcdatamodel;
		};
/* End XCVersionGroup section */
	};
	rootObject = B6695CE41F100448001461CF /* Project object */;
}
